// !$*UTF8*$!
{
	archiveVersion = 1;
	classes = {
	};
	objectVersion = 46;
	objects = {

/* Begin PBXBuildFile section */
		2BF884961CB6049700D219E2 /* main.cpp in Sources */ = {isa = PBXBuildFile; fileRef = 2BF884951CB6049700D219E2 /* main.cpp */; };
		2BF8849E1CB60CE300D219E2 /* Rectangle2D.cpp in Sources */ = {isa = PBXBuildFile; fileRef = 2BF8849C1CB60CE300D219E2 /* Rectangle2D.cpp */; };
/* End PBXBuildFile section */

/* Begin PBXCopyFilesBuildPhase section */
		2BF884901CB6049700D219E2 /* CopyFiles */ = {
			isa = PBXCopyFilesBuildPhase;
			buildActionMask = 2147483647;
			dstPath = /usr/share/man/man1/;
			dstSubfolderSpec = 0;
			files = (
			);
			runOnlyForDeploymentPostprocessing = 1;
		};
/* End PBXCopyFilesBuildPhase section */

/* Begin PBXFileReference section */
		2BF884921CB6049700D219E2 /* 11.9: Geometry-The Rectangle Class */ = {isa = PBXFileReference; explicitFileType = "compiled.mach-o.executable"; includeInIndex = 0; path = "11.9: Geometry-The Rectangle Class"; sourceTree = BUILT_PRODUCTS_DIR; };
		2BF884951CB6049700D219E2 /* main.cpp */ = {isa = PBXFileReference; lastKnownFileType = sourcecode.cpp.cpp; path = main.cpp; sourceTree = "<group>"; };
		2BF8849C1CB60CE300D219E2 /* Rectangle2D.cpp */ = {isa = PBXFileReference; fileEncoding = 4; lastKnownFileType = sourcecode.cpp.cpp; path = Rectangle2D.cpp; sourceTree = "<group>"; };
		2BF8849D1CB60CE300D219E2 /* Rectangle2D.hpp */ = {isa = PBXFileReference; fileEncoding = 4; lastKnownFileType = sourcecode.cpp.h; path = Rectangle2D.hpp; sourceTree = "<group>"; };
/* End PBXFileReference section */

/* Begin PBXFrameworksBuildPhase section */
		2BF8848F1CB6049700D219E2 /* Frameworks */ = {
			isa = PBXFrameworksBuildPhase;
			buildActionMask = 2147483647;
			files = (
			);
			runOnlyForDeploymentPostprocessing = 0;
		};
/* End PBXFrameworksBuildPhase section */

/* Begin PBXGroup section */
		2BF884891CB6049700D219E2 = {
			isa = PBXGroup;
			children = (
				2BF884941CB6049700D219E2 /* 11.9: Geometry-The Rectangle Class */,
				2BF884931CB6049700D219E2 /* Products */,
			);
			sourceTree = "<group>";
		};
		2BF884931CB6049700D219E2 /* Products */ = {
			isa = PBXGroup;
			children = (
				2BF884921CB6049700D219E2 /* 11.9: Geometry-The Rectangle Class */,
			);
			name = Products;
			sourceTree = "<group>";
		};
		2BF884941CB6049700D219E2 /* 11.9: Geometry-The Rectangle Class */ = {
			isa = PBXGroup;
			children = (
				2BF884951CB6049700D219E2 /* main.cpp */,
				2BF8849C1CB60CE300D219E2 /* Rectangle2D.cpp */,
				2BF8849D1CB60CE300D219E2 /* Rectangle2D.hpp */,
			);
			path = "11.9: Geometry-The Rectangle Class";
			sourceTree = "<group>";
		};
/* End PBXGroup section */

/* Begin PBXNativeTarget section */
		2BF884911CB6049700D219E2 /* 11.9: Geometry-The Rectangle Class */ = {
			isa = PBXNativeTarget;
			buildConfigurationList = 2BF884991CB6049700D219E2 /* Build configuration list for PBXNativeTarget "11.9: Geometry-The Rectangle Class" */;
			buildPhases = (
				2BF8848E1CB6049700D219E2 /* Sources */,
				2BF8848F1CB6049700D219E2 /* Frameworks */,
				2BF884901CB6049700D219E2 /* CopyFiles */,
			);
			buildRules = (
			);
			dependencies = (
			);
			name = "11.9: Geometry-The Rectangle Class";
			productName = "11.9: Geometry-The Rectangle Class";
			productReference = 2BF884921CB6049700D219E2 /* 11.9: Geometry-The Rectangle Class */;
			productType = "com.apple.product-type.tool";
		};
/* End PBXNativeTarget section */

/* Begin PBXProject section */
		2BF8848A1CB6049700D219E2 /* Project object */ = {
			isa = PBXProject;
			attributes = {
				LastUpgradeCheck = 0730;
				ORGANIZATIONNAME = "Rachel Roegiers";
				TargetAttributes = {
					2BF884911CB6049700D219E2 = {
						CreatedOnToolsVersion = 7.3;
					};
				};
			};
			buildConfigurationList = 2BF8848D1CB6049700D219E2 /* Build configuration list for PBXProject "11.9: Geometry-The Rectangle Class" */;
			compatibilityVersion = "Xcode 3.2";
			developmentRegion = English;
			hasScannedForEncodings = 0;
			knownRegions = (
				en,
			);
			mainGroup = 2BF884891CB6049700D219E2;
			productRefGroup = 2BF884931CB6049700D219E2 /* Products */;
			projectDirPath = "";
			projectRoot = "";
			targets = (
				2BF884911CB6049700D219E2 /* 11.9: Geometry-The Rectangle Class */,
			);
		};
/* End PBXProject section */

/* Begin PBXSourcesBuildPhase section */
		2BF8848E1CB6049700D219E2 /* Sources */ = {
			isa = PBXSourcesBuildPhase;
			buildActionMask = 2147483647;
			files = (
				2BF884961CB6049700D219E2 /* main.cpp in Sources */,
				2BF8849E1CB60CE300D219E2 /* Rectangle2D.cpp in Sources */,
			);
			runOnlyForDeploymentPostprocessing = 0;
		};
/* End PBXSourcesBuildPhase section */

/* Begin XCBuildConfiguration section */
		2BF884971CB6049700D219E2 /* Debug */ = {
			isa = XCBuildConfiguration;
			buildSettings = {
				ALWAYS_SEARCH_USER_PATHS = NO;
				CLANG_ANALYZER_NONNULL = YES;
				CLANG_CXX_LANGUAGE_STANDARD = "gnu++0x";
				CLANG_CXX_LIBRARY = "libc++";
				CLANG_ENABLE_MODULES = YES;
				CLANG_ENABLE_OBJC_ARC = YES;
				CLANG_WARN_BOOL_CONVERSION = YES;
				CLANG_WARN_CONSTANT_CONVERSION = YES;
				CLANG_WARN_DIRECT_OBJC_ISA_USAGE = YES_ERROR;
				CLANG_WARN_EMPTY_BODY = YES;
				CLANG_WARN_ENUM_CONVERSION = YES;
				CLANG_WARN_INT_CONVERSION = YES;
				CLANG_WARN_OBJC_ROOT_CLASS = YES_ERROR;
				CLANG_WARN_UNREACHABLE_CODE = YES;
				CLANG_WARN__DUPLICATE_METHOD_MATCH = YES;
				CODE_SIGN_IDENTITY = "-";
				COPY_PHASE_STRIP = NO;
				DEBUG_INFORMATION_FORMAT = dwarf;
				ENABLE_STRICT_OBJC_MSGSEND = YES;
				ENABLE_TESTABILITY = YES;
				GCC_C_LANGUAGE_STANDARD = gnu99;
				GCC_DYNAMIC_NO_PIC = NO;
				GCC_NO_COMMON_BLOCKS = YES;
				GCC_OPTIMIZATION_LEVEL = 0;
				GCC_PREPROCESSOR_DEFINITIONS = (
					"DEBUG=1",
					"$(inherited)",
				);
				GCC_WARN_64_TO_32_BIT_CONVERSION = YES;
				GCC_WARN_ABOUT_RETURN_TYPE = YES_ERROR;
				GCC_WARN_UNDECLARED_SELECTOR = YES;
				GCC_WARN_UNINITIALIZED_AUTOS = YES_AGGRESSIVE;
				GCC_WARN_UNUSED_FUNCTION = YES;
				GCC_WARN_UNUSED_VARIABLE = YES;
				MACOSX_DEPLOYMENT_TARGET = 10.11;
				MTL_ENABLE_DEBUG_INFO = YES;
				ONLY_ACTIVE_ARCH = YES;
				SDKROOT = macosx;
			};
			name = Debug;
		};
		2BF884981CB6049700D219E2 /* Release */ = {
			isa = XCBuildConfiguration;
			buildSettings = {
				ALWAYS_SEARCH_USER_PATHS = NO;
				CLANG_ANALYZER_NONNULL = YES;
				CLANG_CXX_LANGUAGE_STANDARD = "gnu++0x";
				CLANG_CXX_LIBRARY = "libc++";
				CLANG_ENABLE_MODULES = YES;
				CLANG_ENABLE_OBJC_ARC = YES;
				CLANG_WARN_BOOL_CONVERSION = YES;
				CLANG_WARN_CONSTANT_CONVERSION = YES;
				CLANG_WARN_DIRECT_OBJC_ISA_USAGE = YES_ERROR;
				CLANG_WARN_EMPTY_BODY = YES;
				CLANG_WARN_ENUM_CONVERSION = YES;
				CLANG_WARN_INT_CONVERSION = YES;
				CLANG_WARN_OBJC_ROOT_CLASS = YES_ERROR;
				CLANG_WARN_UNREACHABLE_CODE = YES;
				CLANG_WARN__DUPLICATE_METHOD_MATCH = YES;
				CODE_SIGN_IDENTITY = "-";
				COPY_PHASE_STRIP = NO;
				DEBUG_INFORMATION_FORMAT = "dwarf-with-dsym";
				ENABLE_NS_ASSERTIONS = NO;
				ENABLE_STRICT_OBJC_MSGSEND = YES;
				GCC_C_LANGUAGE_STANDARD = gnu99;
				GCC_NO_COMMON_BLOCKS = YES;
				GCC_WARN_64_TO_32_BIT_CONVERSION = YES;
				GCC_WARN_ABOUT_RETURN_TYPE = YES_ERROR;
				GCC_WARN_UNDECLARED_SELECTOR = YES;
				GCC_WARN_UNINITIALIZED_AUTOS = YES_AGGRESSIVE;
				GCC_WARN_UNUSED_FUNCTION = YES;
				GCC_WARN_UNUSED_VARIABLE = YES;
				MACOSX_DEPLOYMENT_TARGET = 10.11;
				MTL_ENABLE_DEBUG_INFO = NO;
				SDKROOT = macosx;
			};
			name = Release;
		};
		2BF8849A1CB6049700D219E2 /* Debug */ = {
			isa = XCBuildConfiguration;
			buildSettings = {
				PRODUCT_NAME = "$(TARGET_NAME)";
			};
			name = Debug;
		};
		2BF8849B1CB6049700D219E2 /* Release */ = {
			isa = XCBuildConfiguration;
			buildSettings = {
				PRODUCT_NAME = "$(TARGET_NAME)";
			};
			name = Release;
		};
/* End XCBuildConfiguration section */

/* Begin XCConfigurationList section */
		2BF8848D1CB6049700D219E2 /* Build configuration list for PBXProject "11.9: Geometry-The Rectangle Class" */ = {
			isa = XCConfigurationList;
			buildConfigurations = (
				2BF884971CB6049700D219E2 /* Debug */,
				2BF884981CB6049700D219E2 /* Release */,
			);
			defaultConfigurationIsVisible = 0;
			defaultConfigurationName = Release;
		};
		2BF884991CB6049700D219E2 /* Build configuration list for PBXNativeTarget "11.9: Geometry-The Rectangle Class" */ = {
			isa = XCConfigurationList;
			buildConfigurations = (
				2BF8849A1CB6049700D219E2 /* Debug */,
				2BF8849B1CB6049700D219E2 /* Release */,
			);
			defaultConfigurationIsVisible = 0;
		};
/* End XCConfigurationList section */
	};
	rootObject = 2BF8848A1CB6049700D219E2 /* Project object */;
}
